
Microsoft Visual Studio Solution File, Format Version 12.00
# Visual Studio Version 16
VisualStudioVersion = 16.0.29709.97
MinimumVisualStudioVersion = 10.0.40219.1
Project("{FAE04EC0-301F-11D3-BF4B-00C04F79EFBC}") = "Server", "Server\Server.csproj", "{37862AB2-9487-4D77-9B35-C783A0E1DAD5}"
EndProject
Global
	GlobalSection(SolutionConfigurationPlatforms) = preSolution
		Debug|Any CPU = Debug|Any CPU
		Release|Any CPU = Release|Any CPU
	EndGlobalSection
	GlobalSection(ProjectConfigurationPlatforms) = postSolution
		{37862AB2-9487-4D77-9B35-C783A0E1DAD5}.Debug|Any CPU.ActiveCfg = Debug|Any CPU
		{37862AB2-9487-4D77-9B35-C783A0E1DAD5}.Debug|Any CPU.Build.0 = Debug|Any CPU
		{37862AB2-9487-4D77-9B35-C783A0E1DAD5}.Release|Any CPU.ActiveCfg = Release|Any CPU
		{37862AB2-9487-4D77-9B35-C783A0E1DAD5}.Release|Any CPU.Build.0 = Release|Any CPU
	EndGlobalSection
	GlobalSection(SolutionProperties) = preSolution
		HideSolutionNode = FALSE
	EndGlobalSection
	GlobalSection(ExtensibilityGlobals) = postSolution
		SolutionGuid = {3C4AFC4C-3F5F-478E-89BD-FA66DDFB239D}
	EndGlobalSection
EndGlobal
